// !$*UTF8*$!
{
	archiveVersion = 1;
	classes = {
	};
	objectVersion = 50;
	objects = {

/* Begin PBXBuildFile section */
		1523E33C20932C6700CF9829 /* AppDelegate.swift in Sources */ = {isa = PBXBuildFile; fileRef = 1523E33B20932C6700CF9829 /* AppDelegate.swift */; };
		1523E33E20932C6700CF9829 /* ViewController.swift in Sources */ = {isa = PBXBuildFile; fileRef = 1523E33D20932C6700CF9829 /* ViewController.swift */; };
		1523E34120932C6700CF9829 /* Main.storyboard in Resources */ = {isa = PBXBuildFile; fileRef = 1523E33F20932C6700CF9829 /* Main.storyboard */; };
		1523E34320932C6800CF9829 /* Assets.xcassets in Resources */ = {isa = PBXBuildFile; fileRef = 1523E34220932C6800CF9829 /* Assets.xcassets */; };
		1523E34620932C6800CF9829 /* LaunchScreen.storyboard in Resources */ = {isa = PBXBuildFile; fileRef = 1523E34420932C6800CF9829 /* LaunchScreen.storyboard */; };
		1523E35020933E1B00CF9829 /* XmppManager.swift in Sources */ = {isa = PBXBuildFile; fileRef = 1523E34F20933E1B00CF9829 /* XmppManager.swift */; };
		1523E35B2093433900CF9829 /* Toolbox.framework in Frameworks */ = {isa = PBXBuildFile; fileRef = 1523E351209342B200CF9829 /* Toolbox.framework */; };
		1523E35C2093433900CF9829 /* Toolbox.framework in Embed Frameworks */ = {isa = PBXBuildFile; fileRef = 1523E351209342B200CF9829 /* Toolbox.framework */; settings = {ATTRIBUTES = (CodeSignOnCopy, RemoveHeadersOnCopy, ); }; };
		1586E52D2094111C002D879F /* XmppProfile.swift in Sources */ = {isa = PBXBuildFile; fileRef = 1586E52C2094111C002D879F /* XmppProfile.swift */; };
		1586E52F209442AB002D879F /* XmppMessage.swift in Sources */ = {isa = PBXBuildFile; fileRef = 1586E52E209442AB002D879F /* XmppMessage.swift */; };
		FA1CBB12A1F5931720A09D8E /* Pods_Chat.framework in Frameworks */ = {isa = PBXBuildFile; fileRef = CB77A8E9C3E0380F3E9E4055 /* Pods_Chat.framework */; };
/* End PBXBuildFile section */

/* Begin PBXCopyFilesBuildPhase section */
		1523E35D2093433900CF9829 /* Embed Frameworks */ = {
			isa = PBXCopyFilesBuildPhase;
			buildActionMask = 2147483647;
			dstPath = "";
			dstSubfolderSpec = 10;
			files = (
				1523E35C2093433900CF9829 /* Toolbox.framework in Embed Frameworks */,
			);
			name = "Embed Frameworks";
			runOnlyForDeploymentPostprocessing = 0;
		};
/* End PBXCopyFilesBuildPhase section */

/* Begin PBXFileReference section */
		147495A28A95A8FB495CDF98 /* Pods-Chat.debug.xcconfig */ = {isa = PBXFileReference; includeInIndex = 1; lastKnownFileType = text.xcconfig; name = "Pods-Chat.debug.xcconfig"; path = "Pods/Target Support Files/Pods-Chat/Pods-Chat.debug.xcconfig"; sourceTree = "<group>"; };
		1523E33820932C6700CF9829 /* Chat.app */ = {isa = PBXFileReference; explicitFileType = wrapper.application; includeInIndex = 0; path = Chat.app; sourceTree = BUILT_PRODUCTS_DIR; };
		1523E33B20932C6700CF9829 /* AppDelegate.swift */ = {isa = PBXFileReference; lastKnownFileType = sourcecode.swift; path = AppDelegate.swift; sourceTree = "<group>"; };
		1523E33D20932C6700CF9829 /* ViewController.swift */ = {isa = PBXFileReference; lastKnownFileType = sourcecode.swift; path = ViewController.swift; sourceTree = "<group>"; };
		1523E34020932C6700CF9829 /* Base */ = {isa = PBXFileReference; lastKnownFileType = file.storyboard; name = Base; path = Base.lproj/Main.storyboard; sourceTree = "<group>"; };
		1523E34220932C6800CF9829 /* Assets.xcassets */ = {isa = PBXFileReference; lastKnownFileType = folder.assetcatalog; path = Assets.xcassets; sourceTree = "<group>"; };
		1523E34520932C6800CF9829 /* Base */ = {isa = PBXFileReference; lastKnownFileType = file.storyboard; name = Base; path = Base.lproj/LaunchScreen.storyboard; sourceTree = "<group>"; };
		1523E34720932C6800CF9829 /* Info.plist */ = {isa = PBXFileReference; lastKnownFileType = text.plist.xml; path = Info.plist; sourceTree = "<group>"; };
		1523E34F20933E1B00CF9829 /* XmppManager.swift */ = {isa = PBXFileReference; lastKnownFileType = sourcecode.swift; path = XmppManager.swift; sourceTree = "<group>"; };
		1523E351209342B200CF9829 /* Toolbox.framework */ = {isa = PBXFileReference; lastKnownFileType = wrapper.framework; path = Toolbox.framework; sourceTree = "<group>"; };
		1586E52C2094111C002D879F /* XmppProfile.swift */ = {isa = PBXFileReference; lastKnownFileType = sourcecode.swift; path = XmppProfile.swift; sourceTree = "<group>"; };
		1586E52E209442AB002D879F /* XmppMessage.swift */ = {isa = PBXFileReference; lastKnownFileType = sourcecode.swift; path = XmppMessage.swift; sourceTree = "<group>"; };
		2BA6C5059CAB92E16AE30B59 /* Pods-Chat.release.xcconfig */ = {isa = PBXFileReference; includeInIndex = 1; lastKnownFileType = text.xcconfig; name = "Pods-Chat.release.xcconfig"; path = "Pods/Target Support Files/Pods-Chat/Pods-Chat.release.xcconfig"; sourceTree = "<group>"; };
		CB77A8E9C3E0380F3E9E4055 /* Pods_Chat.framework */ = {isa = PBXFileReference; explicitFileType = wrapper.framework; includeInIndex = 0; path = Pods_Chat.framework; sourceTree = BUILT_PRODUCTS_DIR; };
/* End PBXFileReference section */

/* Begin PBXFrameworksBuildPhase section */
		1523E33520932C6700CF9829 /* Frameworks */ = {
			isa = PBXFrameworksBuildPhase;
			buildActionMask = 2147483647;
			files = (
				1523E35B2093433900CF9829 /* Toolbox.framework in Frameworks */,
				FA1CBB12A1F5931720A09D8E /* Pods_Chat.framework in Frameworks */,
			);
			runOnlyForDeploymentPostprocessing = 0;
		};
/* End PBXFrameworksBuildPhase section */

/* Begin PBXGroup section */
		1523E32F20932C6700CF9829 = {
			isa = PBXGroup;
			children = (
				1523E33A20932C6700CF9829 /* Chat */,
				1523E33920932C6700CF9829 /* Products */,
				DE10F5E9862BD89C445F7A5D /* Pods */,
				CF54FA084776F85360984466 /* Frameworks */,
			);
			sourceTree = "<group>";
		};
		1523E33920932C6700CF9829 /* Products */ = {
			isa = PBXGroup;
			children = (
				1523E33820932C6700CF9829 /* Chat.app */,
			);
			name = Products;
			sourceTree = "<group>";
		};
		1523E33A20932C6700CF9829 /* Chat */ = {
			isa = PBXGroup;
			children = (
				1523E34720932C6800CF9829 /* Info.plist */,
				1523E33B20932C6700CF9829 /* AppDelegate.swift */,
				1523E34E20933DD400CF9829 /* Resource */,
				1523E34D20933DB500CF9829 /* Storyboard */,
				1586E53120944BDD002D879F /* ViewController */,
				1586E53020944BC2002D879F /* XMPP */,
			);
			path = Chat;
			sourceTree = "<group>";
		};
		1523E34D20933DB500CF9829 /* Storyboard */ = {
			isa = PBXGroup;
			children = (
				1523E33F20932C6700CF9829 /* Main.storyboard */,
				1523E34420932C6800CF9829 /* LaunchScreen.storyboard */,
			);
			path = Storyboard;
			sourceTree = "<group>";
		};
		1523E34E20933DD400CF9829 /* Resource */ = {
			isa = PBXGroup;
			children = (
				1523E34220932C6800CF9829 /* Assets.xcassets */,
			);
			path = Resource;
			sourceTree = "<group>";
		};
		1586E53020944BC2002D879F /* XMPP */ = {
			isa = PBXGroup;
			children = (
				1523E34F20933E1B00CF9829 /* XmppManager.swift */,
				1586E52E209442AB002D879F /* XmppMessage.swift */,
				1586E52C2094111C002D879F /* XmppProfile.swift */,
			);
			path = XMPP;
			sourceTree = "<group>";
		};
		1586E53120944BDD002D879F /* ViewController */ = {
			isa = PBXGroup;
			children = (
				1523E33D20932C6700CF9829 /* ViewController.swift */,
			);
			path = ViewController;
			sourceTree = "<group>";
		};
		CF54FA084776F85360984466 /* Frameworks */ = {
			isa = PBXGroup;
			children = (
				1523E351209342B200CF9829 /* Toolbox.framework */,
				CB77A8E9C3E0380F3E9E4055 /* Pods_Chat.framework */,
			);
			name = Frameworks;
			sourceTree = "<group>";
		};
		DE10F5E9862BD89C445F7A5D /* Pods */ = {
			isa = PBXGroup;
			children = (
				147495A28A95A8FB495CDF98 /* Pods-Chat.debug.xcconfig */,
				2BA6C5059CAB92E16AE30B59 /* Pods-Chat.release.xcconfig */,
			);
			name = Pods;
			sourceTree = "<group>";
		};
/* End PBXGroup section */

/* Begin PBXNativeTarget section */
		1523E33720932C6700CF9829 /* Chat */ = {
			isa = PBXNativeTarget;
			buildConfigurationList = 1523E34A20932C6800CF9829 /* Build configuration list for PBXNativeTarget "Chat" */;
			buildPhases = (
				70834B50BD075218A6AC4E16 /* [CP] Check Pods Manifest.lock */,
				1523E33420932C6700CF9829 /* Sources */,
				1523E33520932C6700CF9829 /* Frameworks */,
				1523E33620932C6700CF9829 /* Resources */,
				A06C56405667059F8D3FE766 /* [CP] Embed Pods Frameworks */,
				42B6E78FE18381D99E91B5BD /* [CP] Copy Pods Resources */,
				1523E35D2093433900CF9829 /* Embed Frameworks */,
			);
			buildRules = (
			);
			dependencies = (
			);
			name = Chat;
			productName = Chat;
			productReference = 1523E33820932C6700CF9829 /* Chat.app */;
			productType = "com.apple.product-type.application";
		};
/* End PBXNativeTarget section */

/* Begin PBXProject section */
		1523E33020932C6700CF9829 /* Project object */ = {
			isa = PBXProject;
			attributes = {
				LastSwiftUpdateCheck = 0930;
				LastUpgradeCheck = 0930;
				ORGANIZATIONNAME = Junzz;
				TargetAttributes = {
					1523E33720932C6700CF9829 = {
						CreatedOnToolsVersion = 9.3;
					};
				};
			};
			buildConfigurationList = 1523E33320932C6700CF9829 /* Build configuration list for PBXProject "Chat" */;
			compatibilityVersion = "Xcode 9.3";
			developmentRegion = en;
			hasScannedForEncodings = 0;
			knownRegions = (
				en,
				Base,
			);
			mainGroup = 1523E32F20932C6700CF9829;
			productRefGroup = 1523E33920932C6700CF9829 /* Products */;
			projectDirPath = "";
			projectRoot = "";
			targets = (
				1523E33720932C6700CF9829 /* Chat */,
			);
		};
/* End PBXProject section */

/* Begin PBXResourcesBuildPhase section */
		1523E33620932C6700CF9829 /* Resources */ = {
			isa = PBXResourcesBuildPhase;
			buildActionMask = 2147483647;
			files = (
				1523E34620932C6800CF9829 /* LaunchScreen.storyboard in Resources */,
				1523E34320932C6800CF9829 /* Assets.xcassets in Resources */,
				1523E34120932C6700CF9829 /* Main.storyboard in Resources */,
			);
			runOnlyForDeploymentPostprocessing = 0;
		};
/* End PBXResourcesBuildPhase section */

/* Begin PBXShellScriptBuildPhase section */
		42B6E78FE18381D99E91B5BD /* [CP] Copy Pods Resources */ = {
			isa = PBXShellScriptBuildPhase;
			buildActionMask = 2147483647;
			files = (
			);
			inputPaths = (
			);
			name = "[CP] Copy Pods Resources";
			outputPaths = (
			);
			runOnlyForDeploymentPostprocessing = 0;
			shellPath = /bin/sh;
			shellScript = "\"${SRCROOT}/Pods/Target Support Files/Pods-Chat/Pods-Chat-resources.sh\"\n";
			showEnvVarsInLog = 0;
		};
		70834B50BD075218A6AC4E16 /* [CP] Check Pods Manifest.lock */ = {
			isa = PBXShellScriptBuildPhase;
			buildActionMask = 2147483647;
			files = (
			);
			inputPaths = (
				"${PODS_PODFILE_DIR_PATH}/Podfile.lock",
				"${PODS_ROOT}/Manifest.lock",
			);
			name = "[CP] Check Pods Manifest.lock";
			outputPaths = (
				"$(DERIVED_FILE_DIR)/Pods-Chat-checkManifestLockResult.txt",
			);
			runOnlyForDeploymentPostprocessing = 0;
			shellPath = /bin/sh;
			shellScript = "diff \"${PODS_PODFILE_DIR_PATH}/Podfile.lock\" \"${PODS_ROOT}/Manifest.lock\" > /dev/null\nif [ $? != 0 ] ; then\n    # print error to STDERR\n    echo \"error: The sandbox is not in sync with the Podfile.lock. Run 'pod install' or update your CocoaPods installation.\" >&2\n    exit 1\nfi\n# This output is used by Xcode 'outputs' to avoid re-running this script phase.\necho \"SUCCESS\" > \"${SCRIPT_OUTPUT_FILE_0}\"\n";
			showEnvVarsInLog = 0;
		};
		A06C56405667059F8D3FE766 /* [CP] Embed Pods Frameworks */ = {
			isa = PBXShellScriptBuildPhase;
			buildActionMask = 2147483647;
			files = (
			);
			inputPaths = (
				"${SRCROOT}/Pods/Target Support Files/Pods-Chat/Pods-Chat-frameworks.sh",
				"${BUILT_PRODUCTS_DIR}/CocoaAsyncSocket/CocoaAsyncSocket.framework",
				"${BUILT_PRODUCTS_DIR}/CocoaLumberjack/CocoaLumberjack.framework",
				"${BUILT_PRODUCTS_DIR}/KissXML/KissXML.framework",
				"${BUILT_PRODUCTS_DIR}/XMPPFramework/XMPPFramework.framework",
			);
			name = "[CP] Embed Pods Frameworks";
			outputPaths = (
				"${TARGET_BUILD_DIR}/${FRAMEWORKS_FOLDER_PATH}/CocoaAsyncSocket.framework",
				"${TARGET_BUILD_DIR}/${FRAMEWORKS_FOLDER_PATH}/CocoaLumberjack.framework",
				"${TARGET_BUILD_DIR}/${FRAMEWORKS_FOLDER_PATH}/KissXML.framework",
				"${TARGET_BUILD_DIR}/${FRAMEWORKS_FOLDER_PATH}/XMPPFramework.framework",
			);
			runOnlyForDeploymentPostprocessing = 0;
			shellPath = /bin/sh;
			shellScript = "\"${SRCROOT}/Pods/Target Support Files/Pods-Chat/Pods-Chat-frameworks.sh\"\n";
			showEnvVarsInLog = 0;
		};
/* End PBXShellScriptBuildPhase section */

/* Begin PBXSourcesBuildPhase section */
		1523E33420932C6700CF9829 /* Sources */ = {
			isa = PBXSourcesBuildPhase;
			buildActionMask = 2147483647;
			files = (
				1523E33E20932C6700CF9829 /* ViewController.swift in Sources */,
				1523E33C20932C6700CF9829 /* AppDelegate.swift in Sources */,
				1586E52F209442AB002D879F /* XmppMessage.swift in Sources */,
				1586E52D2094111C002D879F /* XmppProfile.swift in Sources */,
				1523E35020933E1B00CF9829 /* XmppManager.swift in Sources */,
			);
			runOnlyForDeploymentPostprocessing = 0;
		};
/* End PBXSourcesBuildPhase section */

/* Begin PBXVariantGroup section */
		1523E33F20932C6700CF9829 /* Main.storyboard */ = {
			isa = PBXVariantGroup;
			children = (
				1523E34020932C6700CF9829 /* Base */,
			);
			name = Main.storyboard;
			sourceTree = "<group>";
		};
		1523E34420932C6800CF9829 /* LaunchScreen.storyboard */ = {
			isa = PBXVariantGroup;
			children = (
				1523E34520932C6800CF9829 /* Base */,
			);
			name = LaunchScreen.storyboard;
			sourceTree = "<group>";
		};
/* End PBXVariantGroup section */

/* Begin XCBuildConfiguration section */
		1523E34820932C6800CF9829 /* Debug */ = {
			isa = XCBuildConfiguration;
			buildSettings = {
				ALWAYS_SEARCH_USER_PATHS = NO;
				CLANG_ANALYZER_NONNULL = YES;
				CLANG_ANALYZER_NUMBER_OBJECT_CONVERSION = YES_AGGRESSIVE;
				CLANG_CXX_LANGUAGE_STANDARD = "gnu++14";
				CLANG_CXX_LIBRARY = "libc++";
				CLANG_ENABLE_MODULES = YES;
				CLANG_ENABLE_OBJC_ARC = YES;
				CLANG_ENABLE_OBJC_WEAK = YES;
				CLANG_WARN_BLOCK_CAPTURE_AUTORELEASING = YES;
				CLANG_WARN_BOOL_CONVERSION = YES;
				CLANG_WARN_COMMA = YES;
				CLANG_WARN_CONSTANT_CONVERSION = YES;
				CLANG_WARN_DEPRECATED_OBJC_IMPLEMENTATIONS = YES;
				CLANG_WARN_DIRECT_OBJC_ISA_USAGE = YES_ERROR;
				CLANG_WARN_DOCUMENTATION_COMMENTS = YES;
				CLANG_WARN_EMPTY_BODY = YES;
				CLANG_WARN_ENUM_CONVERSION = YES;
				CLANG_WARN_INFINITE_RECURSION = YES;
				CLANG_WARN_INT_CONVERSION = YES;
				CLANG_WARN_NON_LITERAL_NULL_CONVERSION = YES;
				CLANG_WARN_OBJC_IMPLICIT_RETAIN_SELF = YES;
				CLANG_WARN_OBJC_LITERAL_CONVERSION = YES;
				CLANG_WARN_OBJC_ROOT_CLASS = YES_ERROR;
				CLANG_WARN_RANGE_LOOP_ANALYSIS = YES;
				CLANG_WARN_STRICT_PROTOTYPES = YES;
				CLANG_WARN_SUSPICIOUS_MOVE = YES;
				CLANG_WARN_UNGUARDED_AVAILABILITY = YES_AGGRESSIVE;
				CLANG_WARN_UNREACHABLE_CODE = YES;
				CLANG_WARN__DUPLICATE_METHOD_MATCH = YES;
				CODE_SIGN_IDENTITY = "iPhone Developer";
				COPY_PHASE_STRIP = NO;
				DEBUG_INFORMATION_FORMAT = dwarf;
				ENABLE_STRICT_OBJC_MSGSEND = YES;
				ENABLE_TESTABILITY = YES;
				GCC_C_LANGUAGE_STANDARD = gnu11;
				GCC_DYNAMIC_NO_PIC = NO;
				GCC_NO_COMMON_BLOCKS = YES;
				GCC_OPTIMIZATION_LEVEL = 0;
				GCC_PREPROCESSOR_DEFINITIONS = (
					"DEBUG=1",
					"$(inherited)",
				);
				GCC_WARN_64_TO_32_BIT_CONVERSION = YES;
				GCC_WARN_ABOUT_RETURN_TYPE = YES_ERROR;
				GCC_WARN_UNDECLARED_SELECTOR = YES;
				GCC_WARN_UNINITIALIZED_AUTOS = YES_AGGRESSIVE;
				GCC_WARN_UNUSED_FUNCTION = YES;
				GCC_WARN_UNUSED_VARIABLE = YES;
				IPHONEOS_DEPLOYMENT_TARGET = 9.0;
				MTL_ENABLE_DEBUG_INFO = YES;
				ONLY_ACTIVE_ARCH = YES;
				SDKROOT = iphoneos;
				SWIFT_ACTIVE_COMPILATION_CONDITIONS = DEBUG;
				SWIFT_OPTIMIZATION_LEVEL = "-Onone";
			};
			name = Debug;
		};
		1523E34920932C6800CF9829 /* Release */ = {
			isa = XCBuildConfiguration;
			buildSettings = {
				ALWAYS_SEARCH_USER_PATHS = NO;
				CLANG_ANALYZER_NONNULL = YES;
				CLANG_ANALYZER_NUMBER_OBJECT_CONVERSION = YES_AGGRESSIVE;
				CLANG_CXX_LANGUAGE_STANDARD = "gnu++14";
				CLANG_CXX_LIBRARY = "libc++";
				CLANG_ENABLE_MODULES = YES;
				CLANG_ENABLE_OBJC_ARC = YES;
				CLANG_ENABLE_OBJC_WEAK = YES;
				CLANG_WARN_BLOCK_CAPTURE_AUTORELEASING = YES;
				CLANG_WARN_BOOL_CONVERSION = YES;
				CLANG_WARN_COMMA = YES;
				CLANG_WARN_CONSTANT_CONVERSION = YES;
				CLANG_WARN_DEPRECATED_OBJC_IMPLEMENTATIONS = YES;
				CLANG_WARN_DIRECT_OBJC_ISA_USAGE = YES_ERROR;
				CLANG_WARN_DOCUMENTATION_COMMENTS = YES;
				CLANG_WARN_EMPTY_BODY = YES;
				CLANG_WARN_ENUM_CONVERSION = YES;
				CLANG_WARN_INFINITE_RECURSION = YES;
				CLANG_WARN_INT_CONVERSION = YES;
				CLANG_WARN_NON_LITERAL_NULL_CONVERSION = YES;
				CLANG_WARN_OBJC_IMPLICIT_RETAIN_SELF = YES;
				CLANG_WARN_OBJC_LITERAL_CONVERSION = YES;
				CLANG_WARN_OBJC_ROOT_CLASS = YES_ERROR;
				CLANG_WARN_RANGE_LOOP_ANALYSIS = YES;
				CLANG_WARN_STRICT_PROTOTYPES = YES;
				CLANG_WARN_SUSPICIOUS_MOVE = YES;
				CLANG_WARN_UNGUARDED_AVAILABILITY = YES_AGGRESSIVE;
				CLANG_WARN_UNREACHABLE_CODE = YES;
				CLANG_WARN__DUPLICATE_METHOD_MATCH = YES;
				CODE_SIGN_IDENTITY = "iPhone Developer";
				COPY_PHASE_STRIP = NO;
				DEBUG_INFORMATION_FORMAT = "dwarf-with-dsym";
				ENABLE_NS_ASSERTIONS = NO;
				ENABLE_STRICT_OBJC_MSGSEND = YES;
				GCC_C_LANGUAGE_STANDARD = gnu11;
				GCC_NO_COMMON_BLOCKS = YES;
				GCC_WARN_64_TO_32_BIT_CONVERSION = YES;
				GCC_WARN_ABOUT_RETURN_TYPE = YES_ERROR;
				GCC_WARN_UNDECLARED_SELECTOR = YES;
				GCC_WARN_UNINITIALIZED_AUTOS = YES_AGGRESSIVE;
				GCC_WARN_UNUSED_FUNCTION = YES;
				GCC_WARN_UNUSED_VARIABLE = YES;
				IPHONEOS_DEPLOYMENT_TARGET = 9.0;
				MTL_ENABLE_DEBUG_INFO = NO;
				SDKROOT = iphoneos;
				SWIFT_COMPILATION_MODE = wholemodule;
				SWIFT_OPTIMIZATION_LEVEL = "-O";
				VALIDATE_PRODUCT = YES;
			};
			name = Release;
		};
		1523E34B20932C6800CF9829 /* Debug */ = {
			isa = XCBuildConfiguration;
			baseConfigurationReference = 147495A28A95A8FB495CDF98 /* Pods-Chat.debug.xcconfig */;
			buildSettings = {
				ASSETCATALOG_COMPILER_APPICON_NAME = AppIcon;
				CODE_SIGN_STYLE = Automatic;
				DEVELOPMENT_TEAM = 84R42HDV8T;
				FRAMEWORK_SEARCH_PATHS = (
					"$(inherited)",
					"$(PROJECT_DIR)",
				);
				INFOPLIST_FILE = Chat/Info.plist;
				LD_RUNPATH_SEARCH_PATHS = (
					"$(inherited)",
					"@executable_path/Frameworks",
				);
				PRODUCT_BUNDLE_IDENTIFIER = net.junzz.app.Chat;
				PRODUCT_NAME = "$(TARGET_NAME)";
				SWIFT_VERSION = 4.0;
				TARGETED_DEVICE_FAMILY = "1,2";
			};
			name = Debug;
		};
		1523E34C20932C6800CF9829 /* Release */ = {
			isa = XCBuildConfiguration;
			baseConfigurationReference = 2BA6C5059CAB92E16AE30B59 /* Pods-Chat.release.xcconfig */;
			buildSettings = {
				ASSETCATALOG_COMPILER_APPICON_NAME = AppIcon;
				CODE_SIGN_STYLE = Automatic;
				DEVELOPMENT_TEAM = 84R42HDV8T;
				FRAMEWORK_SEARCH_PATHS = (
					"$(inherited)",
					"$(PROJECT_DIR)",
				);
				INFOPLIST_FILE = Chat/Info.plist;
				LD_RUNPATH_SEARCH_PATHS = (
					"$(inherited)",
					"@executable_path/Frameworks",
				);
				PRODUCT_BUNDLE_IDENTIFIER = net.junzz.app.Chat;
				PRODUCT_NAME = "$(TARGET_NAME)";
				SWIFT_VERSION = 4.0;
				TARGETED_DEVICE_FAMILY = "1,2";
			};
			name = Release;
		};
/* End XCBuildConfiguration section */

/* Begin XCConfigurationList section */
		1523E33320932C6700CF9829 /* Build configuration list for PBXProject "Chat" */ = {
			isa = XCConfigurationList;
			buildConfigurations = (
				1523E34820932C6800CF9829 /* Debug */,
				1523E34920932C6800CF9829 /* Release */,
			);
			defaultConfigurationIsVisible = 0;
			defaultConfigurationName = Release;
		};
		1523E34A20932C6800CF9829 /* Build configuration list for PBXNativeTarget "Chat" */ = {
			isa = XCConfigurationList;
			buildConfigurations = (
				1523E34B20932C6800CF9829 /* Debug */,
				1523E34C20932C6800CF9829 /* Release */,
			);
			defaultConfigurationIsVisible = 0;
			defaultConfigurationName = Release;
		};
/* End XCConfigurationList section */
	};
	rootObject = 1523E33020932C6700CF9829 /* Project object */;
}
